<?xml version="1.0" encoding="utf-8"?>
<Project ToolsVersion="4.0" xmlns="http://schemas.microsoft.com/developer/msbuild/2003">
  <ItemGroup>
    <ClCompile Include="src\Content\GameObjects\Player.cpp" />
    <ClCompile Include="src\Content\TestScene.cpp" />
    <ClCompile Include="src\main.cpp" />
    <ClCompile Include="src\mge\behaviours\AbstractBehaviour.cpp" />
    <ClCompile Include="src\mge\behaviours\CameraOrbitBehaviour.cpp" />
    <ClCompile Include="src\mge\behaviours\KeysBehaviour.cpp" />
    <ClCompile Include="src\mge\behaviours\LookAt.cpp" />
    <ClCompile Include="src\mge\behaviours\RigidBody.cpp" />
    <ClCompile Include="src\mge\behaviours\RotatingBehaviour.cpp" />
    <ClCompile Include="src\mge\core\AbstractGame.cpp" />
    <ClCompile Include="src\mge\core\Camera.cpp" />
    <ClCompile Include="src\mge\core\GameObject.cpp" />
    <ClCompile Include="src\mge\core\Light.cpp" />
    <ClCompile Include="src\mge\core\LuaParser.cpp" />
    <ClCompile Include="src\mge\core\Mesh.cpp" />
    <ClCompile Include="src\mge\core\PhysicsObject.cpp" />
    <ClCompile Include="src\mge\core\Renderer.cpp" />
    <ClCompile Include="src\mge\core\ShaderProgram.cpp" />
    <ClCompile Include="src\mge\core\Texture.cpp" />
    <ClCompile Include="src\mge\core\World.cpp" />
    <ClCompile Include="src\mge\materials\AbstractMaterial.cpp" />
    <ClCompile Include="src\mge\materials\ColorMaterial.cpp" />
    <ClCompile Include="src\mge\materials\TerrainMaterial.cpp" />
    <ClCompile Include="src\mge\materials\TextureMaterial.cpp" />
    <ClCompile Include="src\mge\materials\WobbleMaterial.cpp" />
    <ClCompile Include="src\mge\MGEDemo.cpp" />
    <ClCompile Include="src\mge\util\DebugHud.cpp" />
    <ClCompile Include="src\Content\Behaviours\Player\PlayerMovementBehaviour.cpp" />
    <ClCompile Include="src\Content\Core\Input.cpp" />
    <ClCompile Include="src\Content\Behaviours\FlockingBehaviour.cpp" />
    <ClCompile Include="src\Content\GameObjects\FishTank.cpp" />
    <ClCompile Include="src\mge\materials\LitWaveMaterial.cpp" />
    <ClCompile Include="src\Content\Core\EventHandler.cpp" />
    <ClCompile Include="src\Content\Behaviours\Player\DivingAnimationBehaviour.cpp" />
    <ClCompile Include="src\Content\DeferredTestScene.cpp" />
    <ClCompile Include="src\mge\core\Physics\PhysicsWorld.cpp" />
    <ClCompile Include="src\mge\core\Physics\DebugDrawer.cpp" />
    <ClCompile Include="src\mge\core\Physics\Colliders\SphereCollider.cpp" />
    <ClCompile Include="src\mge\core\Physics\Colliders\Collider.cpp" />
    <ClCompile Include="src\mge\core\Physics\Colliders\BoxCollider.cpp" />
    <ClCompile Include="src\mge\materials\DebugRenderMaterial.cpp" />
    <ClCompile Include="src\mge\core\Physics\Colliders\MeshCollider.cpp" />
    <ClCompile Include="src\mge\core\Physics\CollisionBehaviour.cpp" />
    <ClCompile Include="src\mge\materials\GPUinstancingMaterial.cpp" />
    <ClCompile Include="src\Content\Behaviours\PredatorBehaviour.cpp" />
    <ClCompile Include="src\mge\core\Physics\Colliders\CapsuleCollider.cpp" />
    <ClCompile Include="src\Content\Behaviours\DivingBehaviour.cpp" />
    <ClCompile Include="src\mge\behaviours\CopyTargetPositionBehaviour.cpp" />
    <ClCompile Include="src\mge\Config.cpp" />
    <ClCompile Include="src\mge\behaviours\BoatFollowingBehaviour.cpp" />
    <ClCompile Include="src\Content\Hud\Hud.cpp" />
    <ClCompile Include="src\Content\Hud\HudSprite.cpp" />
    <ClCompile Include="src\Content\Inventory\Inventory.cpp" />
    <ClCompile Include="src\mge\materials\HUDMaterial.cpp" />
    <ClCompile Include="src\Content\Behaviours\BoatFollowBehaviour.cpp" />
    <ClCompile Include="src\mge\core\LuaScriptParser.cpp" />
    <ClCompile Include="src\mge\util\MessageBoxManager.cpp" />
    <ClCompile Include="..\src\mge\core\SoundManager.cpp" />
    <ClCompile Include="src\mge\core\SoundManager.cpp" />
    <ClCompile Include="src\mge\materials\SeaMaterial.cpp" />
    <ClCompile Include="src\mge\core\Time.cpp" />
    <ClCompile Include="..\src\Content\GameObjects\PlayerFishFlock.cpp" />
  </ItemGroup>
  <ItemGroup>
    <ClInclude Include="src\Content\GameObjects\Player.h" />
    <ClInclude Include="src\Content\TestScene.hpp" />
    <ClInclude Include="src\glm.hpp" />
    <ClInclude Include="src\mge\behaviours\AbstractBehaviour.hpp" />
    <ClInclude Include="src\mge\behaviours\CameraOrbitBehaviour.h" />
    <ClInclude Include="src\mge\behaviours\CameraOrbitBehaviour.hpp" />
    <ClInclude Include="src\mge\behaviours\KeysBehaviour.hpp" />
    <ClInclude Include="src\mge\behaviours\LookAt.hpp" />
    <ClInclude Include="src\mge\behaviours\RigidBody.hpp" />
    <ClInclude Include="src\mge\behaviours\RotatingBehaviour.hpp" />
    <ClInclude Include="src\mge\Config.hpp" />
    <ClInclude Include="src\mge\core\AbstractGame.hpp" />
    <ClInclude Include="src\mge\core\Camera.hpp" />
    <ClInclude Include="src\mge\core\GameObject.hpp" />
    <ClInclude Include="src\mge\core\Light.hpp" />
    <ClInclude Include="src\mge\core\LuaParser.hpp" />
    <ClInclude Include="src\mge\core\Mesh.hpp" />
    <ClInclude Include="src\mge\core\PhysicsObject.hpp" />
    <ClInclude Include="src\mge\core\Renderer.hpp" />
    <ClInclude Include="src\mge\core\ShaderProgram.hpp" />
    <ClInclude Include="src\mge\core\Texture.hpp" />
    <ClInclude Include="src\mge\core\World.hpp" />
    <ClInclude Include="src\mge\materials\AbstractMaterial.hpp" />
    <ClInclude Include="src\mge\materials\ColorMaterial.hpp" />
    <ClInclude Include="src\mge\materials\TerrainMaterial.hpp" />
    <ClInclude Include="src\mge\materials\TextureMaterial.hpp" />
    <ClInclude Include="src\mge\materials\WobbleMaterial.hpp" />
    <ClInclude Include="src\Content\GameObjects\Player.h" />
    <ClInclude Include="src\Content\Behaviours\Player\PlayerMovementBehaviour.h" />
    <ClInclude Include="src\Content\Core\Input.h" />
    <ClInclude Include="src\mge\MGEDemo.hpp" />
    <ClInclude Include="src\mge\util\DebugHud.hpp" />
    <ClInclude Include="src\Content\Behaviours\FlockingBehaviour.hpp" />
    <ClInclude Include="src\Content\GameObjects\FishTank.hpp" />
    <ClInclude Include="src\mge\materials\LitWaveMaterial.hpp" />
    <ClInclude Include="src\Content\Core\Event.h" />
    <ClInclude Include="src\Content\Core\EventHandler.h" />
    <ClInclude Include="src\Content\Core\FastDelegate.h" />
    <ClInclude Include="src\Content\Behaviours\Player\DivingAnimationBehaviour.h" />
    <ClInclude Include="src\Content\DeferredTestScene.hpp" />
    <ClInclude Include="src\mge\core\Physics\PhysicsWorld.h" />
    <ClInclude Include="src\mge\core\Physics\DebugDrawer.h" />
    <ClInclude Include="src\mge\core\Physics\Colliders\BoxCollider.h" />
    <ClInclude Include="src\mge\core\Physics\Colliders\SphereCollider.h" />
    <ClInclude Include="src\mge\core\Physics\Colliders\Collider.h" />
    <ClInclude Include="src\mge\materials\DebugRenderMaterial.hpp" />
    <ClInclude Include="src\mge\core\Physics\Colliders\MeshCollider.h" />
    <ClInclude Include="src\mge\core\Physics\CollisionBehaviour.h" />
    <ClInclude Include="src\mge\materials\GPUinstancingMaterial.hpp" />
    <ClInclude Include="src\Content\Behaviours\PredatorBehaviour.h" />
    <ClInclude Include="src\mge\core\Physics\Colliders\CapsuleCollider.h" />
    <ClInclude Include="src\Content\Behaviours\DivingBehaviour.h" />
    <ClInclude Include="src\mge\behaviours\CopyTargetPositionBehaviour.hpp" />
    <ClInclude Include="src\mge\behaviours\BoatFollowingBehaviour.hpp" />
    <ClInclude Include="src\Content\Hud\Hud.hpp" />
    <ClInclude Include="src\Content\Hud\HudSprite.h" />
    <ClInclude Include="src\Content\Inventory\Inventory.h" />
    <ClInclude Include="src\mge\materials\HUDMaterial.hpp" />
    <ClInclude Include="src\Content\Core\EventNoArgs.h" />
    <ClInclude Include="src\Content\Behaviours\BoatFollowBehaviour.h" />
    <ClInclude Include="src\mge\materials\SeaMaterial.hpp" />
    <ClInclude Include="src\mge\core\LuaScriptParser.hpp" />
    <ClInclude Include="src\mge\util\MessageBoxManager.hpp" />
    <ClInclude Include="..\src\mge\core\SoundManager.hpp" />
    <ClInclude Include="src\mge\core\SoundManager.hpp" />
    <ClInclude Include="src\mge\core\Time.h" />
    <ClInclude Include="..\src\Content\GameObjects\PlayerFishFlock.hpp" />
  </ItemGroup>
  <ItemGroup>
    <ClCompile Include="src\main.cpp">
      <Filter>MGE Source files</Filter>
    </ClCompile>
    <ClCompile Include="src\mge\behaviours\AbstractBehaviour.cpp">
      <Filter>MGE Source files\mge\behaviours</Filter>
    </ClCompile>
    <ClCompile Include="src\mge\core\AbstractGame.cpp">
      <Filter>MGE Source files\mge\core</Filter>
    </ClCompile>
    <ClCompile Include="src\mge\materials\AbstractMaterial.cpp">
      <Filter>MGE Source files\mge\materials</Filter>
    </ClCompile>
    <ClCompile Include="src\mge\core\Camera.cpp">
      <Filter>MGE Source files\mge\core</Filter>
    </ClCompile>
    <ClCompile Include="src\mge\materials\ColorMaterial.cpp">
      <Filter>MGE Source files\mge\materials</Filter>
    </ClCompile>
    <ClCompile Include="src\mge\util\DebugHud.cpp">
      <Filter>MGE Source files\mge\util</Filter>
    </ClCompile>
    <ClCompile Include="src\mge\core\GameObject.cpp">
      <Filter>MGE Source files\mge\core</Filter>
    </ClCompile>
    <ClCompile Include="src\mge\behaviours\KeysBehaviour.cpp">
      <Filter>MGE Source files\mge\behaviours</Filter>
    </ClCompile>
    <ClCompile Include="src\mge\behaviours\LookAt.cpp">
      <Filter>MGE Source files\mge\behaviours</Filter>
    </ClCompile>
    <ClCompile Include="src\mge\core\Mesh.cpp">
      <Filter>MGE Source files\mge\core</Filter>
    </ClCompile>
    <ClCompile Include="src\mge\core\Renderer.cpp">
      <Filter>MGE Source files\mge\core</Filter>
    </ClCompile>
    <ClCompile Include="src\mge\core\ShaderProgram.cpp">
      <Filter>MGE Source files\mge\core</Filter>
    </ClCompile>
    <ClCompile Include="src\mge\core\Texture.cpp">
      <Filter>MGE Source files\mge\core</Filter>
    </ClCompile>
    <ClCompile Include="src\mge\core\World.cpp">
      <Filter>MGE Source files\mge\core</Filter>
    </ClCompile>
    <ClCompile Include="src\mge\behaviours\RotatingBehaviour.cpp">
      <Filter>MGE Source files\mge\behaviours</Filter>
    </ClCompile>
    <ClCompile Include="src\mge\materials\TextureMaterial.cpp">
      <Filter>MGE Source files\mge\materials</Filter>
    </ClCompile>
    <ClCompile Include="src\mge\MGEDemo.cpp">
      <Filter>MGE Source files\mge</Filter>
    </ClCompile>
    <ClCompile Include="src\mge\behaviours\CameraOrbitBehaviour.cpp">
      <Filter>MGE Source files</Filter>
    </ClCompile>
    <ClCompile Include="src\Content\TestScene.cpp">
      <Filter>MGE Source files</Filter>
    </ClCompile>
    <ClCompile Include="src\mge\core\Light.cpp">
      <Filter>MGE Source files</Filter>
    </ClCompile>
    <ClCompile Include="src\mge\core\LuaParser.cpp">
      <Filter>MGE Source files</Filter>
    </ClCompile>
    <ClCompile Include="src\mge\core\PhysicsObject.cpp">
      <Filter>MGE Source files</Filter>
    </ClCompile>
    <ClCompile Include="src\mge\materials\TerrainMaterial.cpp">
      <Filter>MGE Source files</Filter>
    </ClCompile>
    <ClCompile Include="src\mge\materials\WobbleMaterial.cpp">
      <Filter>MGE Source files</Filter>
    </ClCompile>
    <ClCompile Include="src\Content\GameObjects\Player.cpp">
      <Filter>MGE Source files</Filter>
    </ClCompile>
  </ItemGroup>
  <ItemGroup>
    <None Include="ClassDiagram1.cd" />
  </ItemGroup>
</Project>